
Microsoft Visual Studio Solution File, Format Version 12.00
# Visual Studio 15
VisualStudioVersion = 15.0.28307.1062
MinimumVisualStudioVersion = 10.0.40219.1
Project("{9A19103F-16F7-4668-BE54-9A1E7A4F7556}") = "DeviceStoreForward", "DeviceTelemetry\DeviceStoreForward.csproj", "{6304C26D-6AC7-4E53-BAF0-211502953500}"
EndProject
Global
	GlobalSection(SolutionConfigurationPlatforms) = preSolution
		Debug|Any CPU = Debug|Any CPU
		Release|Any CPU = Release|Any CPU
	EndGlobalSection
	GlobalSection(ProjectConfigurationPlatforms) = postSolution
		{6304C26D-6AC7-4E53-BAF0-211502953500}.Debug|Any CPU.ActiveCfg = Debug|Any CPU
		{6304C26D-6AC7-4E53-BAF0-211502953500}.Debug|Any CPU.Build.0 = Debug|Any CPU
		{6304C26D-6AC7-4E53-BAF0-211502953500}.Release|Any CPU.ActiveCfg = Release|Any CPU
		{6304C26D-6AC7-4E53-BAF0-211502953500}.Release|Any CPU.Build.0 = Release|Any CPU
	EndGlobalSection
	GlobalSection(SolutionProperties) = preSolution
		HideSolutionNode = FALSE
	EndGlobalSection
	GlobalSection(ExtensibilityGlobals) = postSolution
		SolutionGuid = {E18FE026-278F-4FB7-8D73-C0C5BE2AE4DF}
	EndGlobalSection
EndGlobal
