
Microsoft Visual Studio Solution File, Format Version 12.00
# Visual Studio Version 16
VisualStudioVersion = 16.0.29920.165
MinimumVisualStudioVersion = 10.0.40219.1
Project("{FAE04EC0-301F-11D3-BF4B-00C04F79EFBC}") = "D2C_MessageReader", "D2C_MessageReader\D2C_MessageReader.csproj", "{EA0B583E-7EB9-4642-A984-0F27439CAE1A}"
EndProject
Global
	GlobalSection(SolutionConfigurationPlatforms) = preSolution
		Debug|Any CPU = Debug|Any CPU
		Release|Any CPU = Release|Any CPU
	EndGlobalSection
	GlobalSection(ProjectConfigurationPlatforms) = postSolution
		{EA0B583E-7EB9-4642-A984-0F27439CAE1A}.Debug|Any CPU.ActiveCfg = Debug|Any CPU
		{EA0B583E-7EB9-4642-A984-0F27439CAE1A}.Debug|Any CPU.Build.0 = Debug|Any CPU
		{EA0B583E-7EB9-4642-A984-0F27439CAE1A}.Release|Any CPU.ActiveCfg = Release|Any CPU
		{EA0B583E-7EB9-4642-A984-0F27439CAE1A}.Release|Any CPU.Build.0 = Release|Any CPU
	EndGlobalSection
	GlobalSection(SolutionProperties) = preSolution
		HideSolutionNode = FALSE
	EndGlobalSection
	GlobalSection(ExtensibilityGlobals) = postSolution
		SolutionGuid = {DF527656-3567-4450-B9F5-D9F119AD0385}
	EndGlobalSection
EndGlobal
